
Microsoft Visual Studio Solution File, Format Version 12.00
# Visual Studio Version 16
VisualStudioVersion = 16.0.30011.22
MinimumVisualStudioVersion = 10.0.40219.1
Project("{FAE04EC0-301F-11D3-BF4B-00C04F79EFBC}") = "ComicBookGalleryModel", "ComicBookGalleryModel\ComicBookGalleryModel.csproj", "{001127B0-149D-45DF-89A9-35878C5A1B52}"
EndProject
Project("{FAE04EC0-301F-11D3-BF4B-00C04F79EFBC}") = "TestClassLibrary", "TestClassLibrary\TestClassLibrary.csproj", "{31F39099-5A8C-4CB9-B407-3F21363DE1EB}"
EndProject
Global
	GlobalSection(SolutionConfigurationPlatforms) = preSolution
		Debug|Any CPU = Debug|Any CPU
		Release|Any CPU = Release|Any CPU
	EndGlobalSection
	GlobalSection(ProjectConfigurationPlatforms) = postSolution
		{001127B0-149D-45DF-89A9-35878C5A1B52}.Debug|Any CPU.ActiveCfg = Debug|Any CPU
		{001127B0-149D-45DF-89A9-35878C5A1B52}.Debug|Any CPU.Build.0 = Debug|Any CPU
		{001127B0-149D-45DF-89A9-35878C5A1B52}.Release|Any CPU.ActiveCfg = Release|Any CPU
		{001127B0-149D-45DF-89A9-35878C5A1B52}.Release|Any CPU.Build.0 = Release|Any CPU
		{31F39099-5A8C-4CB9-B407-3F21363DE1EB}.Debug|Any CPU.ActiveCfg = Debug|Any CPU
		{31F39099-5A8C-4CB9-B407-3F21363DE1EB}.Debug|Any CPU.Build.0 = Debug|Any CPU
		{31F39099-5A8C-4CB9-B407-3F21363DE1EB}.Release|Any CPU.ActiveCfg = Release|Any CPU
		{31F39099-5A8C-4CB9-B407-3F21363DE1EB}.Release|Any CPU.Build.0 = Release|Any CPU
	EndGlobalSection
	GlobalSection(SolutionProperties) = preSolution
		HideSolutionNode = FALSE
	EndGlobalSection
	GlobalSection(ExtensibilityGlobals) = postSolution
		SolutionGuid = {A9832CB5-D3B7-4F82-8AC5-5496149E09EB}
	EndGlobalSection
EndGlobal
